// !$*UTF8*$!
{
	archiveVersion = 1;
	classes = {
	};
	objectVersion = 48;
	objects = {

/* Begin PBXBuildFile section */
		765BF8181FB9E8AB0022D0F5 /* AppDelegate.swift in Sources */ = {isa = PBXBuildFile; fileRef = 765BF8171FB9E8AB0022D0F5 /* AppDelegate.swift */; };
		765BF81A1FB9E8AB0022D0F5 /* ViewController.swift in Sources */ = {isa = PBXBuildFile; fileRef = 765BF8191FB9E8AB0022D0F5 /* ViewController.swift */; };
		765BF81D1FB9E8AB0022D0F5 /* Main.storyboard in Resources */ = {isa = PBXBuildFile; fileRef = 765BF81B1FB9E8AB0022D0F5 /* Main.storyboard */; };
		765BF81F1FB9E8AB0022D0F5 /* Assets.xcassets in Resources */ = {isa = PBXBuildFile; fileRef = 765BF81E1FB9E8AB0022D0F5 /* Assets.xcassets */; };
		765BF8221FB9E8AB0022D0F5 /* LaunchScreen.storyboard in Resources */ = {isa = PBXBuildFile; fileRef = 765BF8201FB9E8AB0022D0F5 /* LaunchScreen.storyboard */; };
		765BF82C1FB9ED7D0022D0F5 /* Pokemon.swift in Sources */ = {isa = PBXBuildFile; fileRef = 765BF82B1FB9ED7D0022D0F5 /* Pokemon.swift */; };
		765BF82F1FBB352E0022D0F5 /* PokeCell.swift in Sources */ = {isa = PBXBuildFile; fileRef = 765BF82E1FBB352E0022D0F5 /* PokeCell.swift */; };
		765BF8311FBB40000022D0F5 /* csv.swift in Sources */ = {isa = PBXBuildFile; fileRef = 765BF8301FBB40000022D0F5 /* csv.swift */; };
		7682452D1FBB44A000849032 /* pokemon.csv in Resources */ = {isa = PBXBuildFile; fileRef = 765BF8291FB9EC110022D0F5 /* pokemon.csv */; };
/* End PBXBuildFile section */

/* Begin PBXFileReference section */
		765BF8141FB9E8AB0022D0F5 /* pokedex.app */ = {isa = PBXFileReference; explicitFileType = wrapper.application; includeInIndex = 0; path = pokedex.app; sourceTree = BUILT_PRODUCTS_DIR; };
		765BF8171FB9E8AB0022D0F5 /* AppDelegate.swift */ = {isa = PBXFileReference; lastKnownFileType = sourcecode.swift; path = AppDelegate.swift; sourceTree = "<group>"; };
		765BF8191FB9E8AB0022D0F5 /* ViewController.swift */ = {isa = PBXFileReference; lastKnownFileType = sourcecode.swift; path = ViewController.swift; sourceTree = "<group>"; };
		765BF81C1FB9E8AB0022D0F5 /* Base */ = {isa = PBXFileReference; lastKnownFileType = file.storyboard; name = Base; path = Base.lproj/Main.storyboard; sourceTree = "<group>"; };
		765BF81E1FB9E8AB0022D0F5 /* Assets.xcassets */ = {isa = PBXFileReference; lastKnownFileType = folder.assetcatalog; path = Assets.xcassets; sourceTree = "<group>"; };
		765BF8211FB9E8AB0022D0F5 /* Base */ = {isa = PBXFileReference; lastKnownFileType = file.storyboard; name = Base; path = Base.lproj/LaunchScreen.storyboard; sourceTree = "<group>"; };
		765BF8231FB9E8AB0022D0F5 /* Info.plist */ = {isa = PBXFileReference; lastKnownFileType = text.plist.xml; path = Info.plist; sourceTree = "<group>"; };
		765BF8291FB9EC110022D0F5 /* pokemon.csv */ = {isa = PBXFileReference; lastKnownFileType = text; path = pokemon.csv; sourceTree = "<group>"; };
		765BF82B1FB9ED7D0022D0F5 /* Pokemon.swift */ = {isa = PBXFileReference; lastKnownFileType = sourcecode.swift; path = Pokemon.swift; sourceTree = "<group>"; };
		765BF82E1FBB352E0022D0F5 /* PokeCell.swift */ = {isa = PBXFileReference; lastKnownFileType = sourcecode.swift; path = PokeCell.swift; sourceTree = "<group>"; };
		765BF8301FBB40000022D0F5 /* csv.swift */ = {isa = PBXFileReference; lastKnownFileType = sourcecode.swift; path = csv.swift; sourceTree = "<group>"; };
/* End PBXFileReference section */

/* Begin PBXFrameworksBuildPhase section */
		765BF8111FB9E8AA0022D0F5 /* Frameworks */ = {
			isa = PBXFrameworksBuildPhase;
			buildActionMask = 2147483647;
			files = (
			);
			runOnlyForDeploymentPostprocessing = 0;
		};
/* End PBXFrameworksBuildPhase section */

/* Begin PBXGroup section */
		765BF80B1FB9E8AA0022D0F5 = {
			isa = PBXGroup;
			children = (
				765BF8161FB9E8AB0022D0F5 /* pokedex */,
				765BF8151FB9E8AB0022D0F5 /* Products */,
			);
			sourceTree = "<group>";
		};
		765BF8151FB9E8AB0022D0F5 /* Products */ = {
			isa = PBXGroup;
			children = (
				765BF8141FB9E8AB0022D0F5 /* pokedex.app */,
			);
			name = Products;
			sourceTree = "<group>";
		};
		765BF8161FB9E8AB0022D0F5 /* pokedex */ = {
			isa = PBXGroup;
			children = (
				765BF82D1FBB34FC0022D0F5 /* View */,
				765BF82A1FB9ED600022D0F5 /* Model */,
				765BF8171FB9E8AB0022D0F5 /* AppDelegate.swift */,
				765BF8191FB9E8AB0022D0F5 /* ViewController.swift */,
				765BF81B1FB9E8AB0022D0F5 /* Main.storyboard */,
				765BF81E1FB9E8AB0022D0F5 /* Assets.xcassets */,
				765BF8301FBB40000022D0F5 /* csv.swift */,
				765BF8291FB9EC110022D0F5 /* pokemon.csv */,
				765BF8201FB9E8AB0022D0F5 /* LaunchScreen.storyboard */,
				765BF8231FB9E8AB0022D0F5 /* Info.plist */,
			);
			path = pokedex;
			sourceTree = "<group>";
		};
		765BF82A1FB9ED600022D0F5 /* Model */ = {
			isa = PBXGroup;
			children = (
				765BF82B1FB9ED7D0022D0F5 /* Pokemon.swift */,
			);
			path = Model;
			sourceTree = "<group>";
		};
		765BF82D1FBB34FC0022D0F5 /* View */ = {
			isa = PBXGroup;
			children = (
				765BF82E1FBB352E0022D0F5 /* PokeCell.swift */,
			);
			path = View;
			sourceTree = "<group>";
		};
/* End PBXGroup section */

/* Begin PBXNativeTarget section */
		765BF8131FB9E8AA0022D0F5 /* pokedex */ = {
			isa = PBXNativeTarget;
			buildConfigurationList = 765BF8261FB9E8AB0022D0F5 /* Build configuration list for PBXNativeTarget "pokedex" */;
			buildPhases = (
				765BF8101FB9E8AA0022D0F5 /* Sources */,
				765BF8111FB9E8AA0022D0F5 /* Frameworks */,
				765BF8121FB9E8AA0022D0F5 /* Resources */,
			);
			buildRules = (
			);
			dependencies = (
			);
			name = pokedex;
			productName = pokedex;
			productReference = 765BF8141FB9E8AB0022D0F5 /* pokedex.app */;
			productType = "com.apple.product-type.application";
		};
/* End PBXNativeTarget section */

/* Begin PBXProject section */
		765BF80C1FB9E8AA0022D0F5 /* Project object */ = {
			isa = PBXProject;
			attributes = {
				LastSwiftUpdateCheck = 0900;
				LastUpgradeCheck = 0900;
				ORGANIZATIONNAME = "Filip Masár";
				TargetAttributes = {
					765BF8131FB9E8AA0022D0F5 = {
						CreatedOnToolsVersion = 9.0;
						ProvisioningStyle = Automatic;
					};
				};
			};
			buildConfigurationList = 765BF80F1FB9E8AA0022D0F5 /* Build configuration list for PBXProject "pokedex" */;
			compatibilityVersion = "Xcode 8.0";
			developmentRegion = en;
			hasScannedForEncodings = 0;
			knownRegions = (
				en,
				Base,
			);
			mainGroup = 765BF80B1FB9E8AA0022D0F5;
			productRefGroup = 765BF8151FB9E8AB0022D0F5 /* Products */;
			projectDirPath = "";
			projectRoot = "";
			targets = (
				765BF8131FB9E8AA0022D0F5 /* pokedex */,
			);
		};
/* End PBXProject section */

/* Begin PBXResourcesBuildPhase section */
		765BF8121FB9E8AA0022D0F5 /* Resources */ = {
			isa = PBXResourcesBuildPhase;
			buildActionMask = 2147483647;
			files = (
				7682452D1FBB44A000849032 /* pokemon.csv in Resources */,
				765BF8221FB9E8AB0022D0F5 /* LaunchScreen.storyboard in Resources */,
				765BF81F1FB9E8AB0022D0F5 /* Assets.xcassets in Resources */,
				765BF81D1FB9E8AB0022D0F5 /* Main.storyboard in Resources */,
			);
			runOnlyForDeploymentPostprocessing = 0;
		};
/* End PBXResourcesBuildPhase section */

/* Begin PBXSourcesBuildPhase section */
		765BF8101FB9E8AA0022D0F5 /* Sources */ = {
			isa = PBXSourcesBuildPhase;
			buildActionMask = 2147483647;
			files = (
				765BF82F1FBB352E0022D0F5 /* PokeCell.swift in Sources */,
				765BF81A1FB9E8AB0022D0F5 /* ViewController.swift in Sources */,
				765BF8181FB9E8AB0022D0F5 /* AppDelegate.swift in Sources */,
				765BF82C1FB9ED7D0022D0F5 /* Pokemon.swift in Sources */,
				765BF8311FBB40000022D0F5 /* csv.swift in Sources */,
			);
			runOnlyForDeploymentPostprocessing = 0;
		};
/* End PBXSourcesBuildPhase section */

/* Begin PBXVariantGroup section */
		765BF81B1FB9E8AB0022D0F5 /* Main.storyboard */ = {
			isa = PBXVariantGroup;
			children = (
				765BF81C1FB9E8AB0022D0F5 /* Base */,
			);
			name = Main.storyboard;
			sourceTree = "<group>";
		};
		765BF8201FB9E8AB0022D0F5 /* LaunchScreen.storyboard */ = {
			isa = PBXVariantGroup;
			children = (
				765BF8211FB9E8AB0022D0F5 /* Base */,
			);
			name = LaunchScreen.storyboard;
			sourceTree = "<group>";
		};
/* End PBXVariantGroup section */

/* Begin XCBuildConfiguration section */
		765BF8241FB9E8AB0022D0F5 /* Debug */ = {
			isa = XCBuildConfiguration;
			buildSettings = {
				ALWAYS_SEARCH_USER_PATHS = NO;
				CLANG_ANALYZER_NONNULL = YES;
				CLANG_ANALYZER_NUMBER_OBJECT_CONVERSION = YES_AGGRESSIVE;
				CLANG_CXX_LANGUAGE_STANDARD = "gnu++14";
				CLANG_CXX_LIBRARY = "libc++";
				CLANG_ENABLE_MODULES = YES;
				CLANG_ENABLE_OBJC_ARC = YES;
				CLANG_WARN_BLOCK_CAPTURE_AUTORELEASING = YES;
				CLANG_WARN_BOOL_CONVERSION = YES;
				CLANG_WARN_COMMA = YES;
				CLANG_WARN_CONSTANT_CONVERSION = YES;
				CLANG_WARN_DIRECT_OBJC_ISA_USAGE = YES_ERROR;
				CLANG_WARN_DOCUMENTATION_COMMENTS = YES;
				CLANG_WARN_EMPTY_BODY = YES;
				CLANG_WARN_ENUM_CONVERSION = YES;
				CLANG_WARN_INFINITE_RECURSION = YES;
				CLANG_WARN_INT_CONVERSION = YES;
				CLANG_WARN_NON_LITERAL_NULL_CONVERSION = YES;
				CLANG_WARN_OBJC_LITERAL_CONVERSION = YES;
				CLANG_WARN_OBJC_ROOT_CLASS = YES_ERROR;
				CLANG_WARN_RANGE_LOOP_ANALYSIS = YES;
				CLANG_WARN_STRICT_PROTOTYPES = YES;
				CLANG_WARN_SUSPICIOUS_MOVE = YES;
				CLANG_WARN_UNGUARDED_AVAILABILITY = YES_AGGRESSIVE;
				CLANG_WARN_UNREACHABLE_CODE = YES;
				CLANG_WARN__DUPLICATE_METHOD_MATCH = YES;
				CODE_SIGN_IDENTITY = "iPhone Developer";
				COPY_PHASE_STRIP = NO;
				DEBUG_INFORMATION_FORMAT = dwarf;
				ENABLE_STRICT_OBJC_MSGSEND = YES;
				ENABLE_TESTABILITY = YES;
				GCC_C_LANGUAGE_STANDARD = gnu11;
				GCC_DYNAMIC_NO_PIC = NO;
				GCC_NO_COMMON_BLOCKS = YES;
				GCC_OPTIMIZATION_LEVEL = 0;
				GCC_PREPROCESSOR_DEFINITIONS = (
					"DEBUG=1",
					"$(inherited)",
				);
				GCC_WARN_64_TO_32_BIT_CONVERSION = YES;
				GCC_WARN_ABOUT_RETURN_TYPE = YES_ERROR;
				GCC_WARN_UNDECLARED_SELECTOR = YES;
				GCC_WARN_UNINITIALIZED_AUTOS = YES_AGGRESSIVE;
				GCC_WARN_UNUSED_FUNCTION = YES;
				GCC_WARN_UNUSED_VARIABLE = YES;
				IPHONEOS_DEPLOYMENT_TARGET = 11.0;
				MTL_ENABLE_DEBUG_INFO = YES;
				ONLY_ACTIVE_ARCH = YES;
				SDKROOT = iphoneos;
				SWIFT_ACTIVE_COMPILATION_CONDITIONS = DEBUG;
				SWIFT_OPTIMIZATION_LEVEL = "-Onone";
			};
			name = Debug;
		};
		765BF8251FB9E8AB0022D0F5 /* Release */ = {
			isa = XCBuildConfiguration;
			buildSettings = {
				ALWAYS_SEARCH_USER_PATHS = NO;
				CLANG_ANALYZER_NONNULL = YES;
				CLANG_ANALYZER_NUMBER_OBJECT_CONVERSION = YES_AGGRESSIVE;
				CLANG_CXX_LANGUAGE_STANDARD = "gnu++14";
				CLANG_CXX_LIBRARY = "libc++";
				CLANG_ENABLE_MODULES = YES;
				CLANG_ENABLE_OBJC_ARC = YES;
				CLANG_WARN_BLOCK_CAPTURE_AUTORELEASING = YES;
				CLANG_WARN_BOOL_CONVERSION = YES;
				CLANG_WARN_COMMA = YES;
				CLANG_WARN_CONSTANT_CONVERSION = YES;
				CLANG_WARN_DIRECT_OBJC_ISA_USAGE = YES_ERROR;
				CLANG_WARN_DOCUMENTATION_COMMENTS = YES;
				CLANG_WARN_EMPTY_BODY = YES;
				CLANG_WARN_ENUM_CONVERSION = YES;
				CLANG_WARN_INFINITE_RECURSION = YES;
				CLANG_WARN_INT_CONVERSION = YES;
				CLANG_WARN_NON_LITERAL_NULL_CONVERSION = YES;
				CLANG_WARN_OBJC_LITERAL_CONVERSION = YES;
				CLANG_WARN_OBJC_ROOT_CLASS = YES_ERROR;
				CLANG_WARN_RANGE_LOOP_ANALYSIS = YES;
				CLANG_WARN_STRICT_PROTOTYPES = YES;
				CLANG_WARN_SUSPICIOUS_MOVE = YES;
				CLANG_WARN_UNGUARDED_AVAILABILITY = YES_AGGRESSIVE;
				CLANG_WARN_UNREACHABLE_CODE = YES;
				CLANG_WARN__DUPLICATE_METHOD_MATCH = YES;
				CODE_SIGN_IDENTITY = "iPhone Developer";
				COPY_PHASE_STRIP = NO;
				DEBUG_INFORMATION_FORMAT = "dwarf-with-dsym";
				ENABLE_NS_ASSERTIONS = NO;
				ENABLE_STRICT_OBJC_MSGSEND = YES;
				GCC_C_LANGUAGE_STANDARD = gnu11;
				GCC_NO_COMMON_BLOCKS = YES;
				GCC_WARN_64_TO_32_BIT_CONVERSION = YES;
				GCC_WARN_ABOUT_RETURN_TYPE = YES_ERROR;
				GCC_WARN_UNDECLARED_SELECTOR = YES;
				GCC_WARN_UNINITIALIZED_AUTOS = YES_AGGRESSIVE;
				GCC_WARN_UNUSED_FUNCTION = YES;
				GCC_WARN_UNUSED_VARIABLE = YES;
				IPHONEOS_DEPLOYMENT_TARGET = 11.0;
				MTL_ENABLE_DEBUG_INFO = NO;
				SDKROOT = iphoneos;
				SWIFT_OPTIMIZATION_LEVEL = "-Owholemodule";
				VALIDATE_PRODUCT = YES;
			};
			name = Release;
		};
		765BF8271FB9E8AB0022D0F5 /* Debug */ = {
			isa = XCBuildConfiguration;
			buildSettings = {
				ASSETCATALOG_COMPILER_APPICON_NAME = AppIcon;
				CODE_SIGN_STYLE = Automatic;
				INFOPLIST_FILE = pokedex/Info.plist;
				LD_RUNPATH_SEARCH_PATHS = "$(inherited) @executable_path/Frameworks";
				PRODUCT_BUNDLE_IDENTIFIER = filip.pokedex;
				PRODUCT_NAME = "$(TARGET_NAME)";
				SWIFT_VERSION = 4.0;
				TARGETED_DEVICE_FAMILY = "1,2";
			};
			name = Debug;
		};
		765BF8281FB9E8AB0022D0F5 /* Release */ = {
			isa = XCBuildConfiguration;
			buildSettings = {
				ASSETCATALOG_COMPILER_APPICON_NAME = AppIcon;
				CODE_SIGN_STYLE = Automatic;
				INFOPLIST_FILE = pokedex/Info.plist;
				LD_RUNPATH_SEARCH_PATHS = "$(inherited) @executable_path/Frameworks";
				PRODUCT_BUNDLE_IDENTIFIER = filip.pokedex;
				PRODUCT_NAME = "$(TARGET_NAME)";
				SWIFT_VERSION = 4.0;
				TARGETED_DEVICE_FAMILY = "1,2";
			};
			name = Release;
		};
/* End XCBuildConfiguration section */

/* Begin XCConfigurationList section */
		765BF80F1FB9E8AA0022D0F5 /* Build configuration list for PBXProject "pokedex" */ = {
			isa = XCConfigurationList;
			buildConfigurations = (
				765BF8241FB9E8AB0022D0F5 /* Debug */,
				765BF8251FB9E8AB0022D0F5 /* Release */,
			);
			defaultConfigurationIsVisible = 0;
			defaultConfigurationName = Release;
		};
		765BF8261FB9E8AB0022D0F5 /* Build configuration list for PBXNativeTarget "pokedex" */ = {
			isa = XCConfigurationList;
			buildConfigurations = (
				765BF8271FB9E8AB0022D0F5 /* Debug */,
				765BF8281FB9E8AB0022D0F5 /* Release */,
			);
			defaultConfigurationIsVisible = 0;
			defaultConfigurationName = Release;
		};
/* End XCConfigurationList section */
	};
	rootObject = 765BF80C1FB9E8AA0022D0F5 /* Project object */;
}
